{
	"version": 4,
	"terraform_version": "1.10.0",
	"serial": 25,
	"lineage": "b778116a-1ef9-ae08-b0d2-c5566ba8a44b",
	"outputs": {},
	"resources": [
		{
			"mode": "managed",
			"type": "hcloud_primary_ip",
			"name": "ipv4",
			"provider": "provider[\"registry.terraform.io/hetznercloud/hcloud\"]",
			"instances": [
				{
					"schema_version": 0,
					"attributes": {
						"assignee_id": 0,
						"assignee_type": "server",
						"auto_delete": false,
						"datacenter": "nbg1-dc3",
						"delete_protection": false,
						"id": "76785453",
						"ip_address": "167.235.21.145",
						"ip_network": null,
						"labels": {
							"dokploy": "true",
							"env": "prod",
							"kube": "false"
						},
						"name": "longpost-prod-ipv4",
						"type": "ipv4"
					},
					"sensitive_attributes": [],
					"private": "bnVsbA=="
				}
			]
		},
		{
			"mode": "managed",
			"type": "hcloud_server",
			"name": "server",
			"provider": "provider[\"registry.terraform.io/hetznercloud/hcloud\"]",
			"instances": []
		}
	],
	"check_results": null
}
